{
    "name": "comigo-deck",
    "version": "0.0.0",
    "lockfileVersion": 2,
    "requires": true,
    "packages": {
        "": {
            "name": "comigo-deck",
            "version": "0.0.0",
            "dependencies": {
                "@cliqz/adblocker-webextension": "^1.26.6",
                "webextension-polyfill-ts": "^0.26.0"
            }
        },
        "node_modules/@cliqz/adblocker": {
            "version": "1.26.6",
            "resolved": "https://registry.npmjs.org/@cliqz/adblocker/-/adblocker-1.26.6.tgz",
            "integrity": "sha512-fSNCvyl0FRgKcc2NmHEhaQqeTT0QCLBT3eVZ15ah6baPdCaQm7N5IN/annv9bRalS8Lwbxymb3TBLzXpFTghrw==",
            "dependencies": {
                "@cliqz/adblocker-content": "^1.26.6",
                "@cliqz/adblocker-extended-selectors": "^1.26.6",
                "@remusao/guess-url-type": "^1.1.2",
                "@remusao/small": "^1.1.2",
                "@remusao/smaz": "^1.7.1",
                "@types/chrome": "^0.0.228",
                "@types/firefox-webext-browser": "^111.0.0",
                "tldts-experimental": "^6.0.1"
            }
        },
        "node_modules/@cliqz/adblocker-content": {
            "version": "1.26.6",
            "resolved": "https://registry.npmjs.org/@cliqz/adblocker-content/-/adblocker-content-1.26.6.tgz",
            "integrity": "sha512-cebc5AjL/quVVdcClJ7dqqvW5SrqATfUhwqn5MzWtponZ3t3fRpgpFgkt2fNa5rd3iz1UfTcAtWrgpshHYurTA==",
            "dependencies": {
                "@cliqz/adblocker-extended-selectors": "^1.26.6"
            }
        },
        "node_modules/@cliqz/adblocker-extended-selectors": {
            "version": "1.26.6",
            "resolved": "https://registry.npmjs.org/@cliqz/adblocker-extended-selectors/-/adblocker-extended-selectors-1.26.6.tgz",
            "integrity": "sha512-Gpvg6eLO2aHiY7r2y0jueve6YbGkYvWaZ4MiwhQ1wPTwj/MxFqAh9cVHnz3EzoJUtsqoy9bvkhmfkRUatpvvzw=="
        },
        "node_modules/@cliqz/adblocker-webextension": {
            "version": "1.26.6",
            "resolved": "https://registry.npmjs.org/@cliqz/adblocker-webextension/-/adblocker-webextension-1.26.6.tgz",
            "integrity": "sha512-Do9QzUUujbOkQJZ5DQTKd2T7+PBmsxDHakGvbLqxNvDXC3mI+L5K3se75oPWm47dBMbSPOyNacXV28sORcuUag==",
            "dependencies": {
                "@cliqz/adblocker": "^1.26.6",
                "@cliqz/adblocker-content": "^1.26.6",
                "tldts-experimental": "^6.0.1",
                "webextension-polyfill-ts": "^0.26.0"
            }
        },
        "node_modules/@remusao/guess-url-type": {
            "version": "1.2.1",
            "resolved": "https://registry.npmjs.org/@remusao/guess-url-type/-/guess-url-type-1.2.1.tgz",
            "integrity": "sha512-rbOqre2jW8STjheOsOaQHLgYBaBZ9Owbdt8NO7WvNZftJlaG3y/K9oOkl8ZUpuFBisIhmBuMEW6c+YrQl5inRA=="
        },
        "node_modules/@remusao/small": {
            "version": "1.2.1",
            "resolved": "https://registry.npmjs.org/@remusao/small/-/small-1.2.1.tgz",
            "integrity": "sha512-7MjoGt0TJMVw1GPKgWq6SJPws1SLsUXQRa43Umht+nkyw2jnpy3WpiLNqGdwo5rHr5Wp9B2W/Pm5RQp656UJdw=="
        },
        "node_modules/@remusao/smaz": {
            "version": "1.9.1",
            "resolved": "https://registry.npmjs.org/@remusao/smaz/-/smaz-1.9.1.tgz",
            "integrity": "sha512-e6BLuP8oaXCZ9+v46Is4ilAZ/Vq6YLgmBP204Ixgk1qTjXmqvFYG7+AS7v9nsZdGOy96r9DWGFbbDVgMxwu1rA==",
            "dependencies": {
                "@remusao/smaz-compress": "^1.9.1",
                "@remusao/smaz-decompress": "^1.9.1"
            }
        },
        "node_modules/@remusao/smaz-compress": {
            "version": "1.9.1",
            "resolved": "https://registry.npmjs.org/@remusao/smaz-compress/-/smaz-compress-1.9.1.tgz",
            "integrity": "sha512-E2f48TwloQu3r6BdLOGF2aczeH7bJ/32oJGqvzT9SKur0cuUnLcZ7ZXP874E2fwmdE+cXzfC7bKzp79cDnmeyw==",
            "dependencies": {
                "@remusao/trie": "^1.4.1"
            }
        },
        "node_modules/@remusao/smaz-decompress": {
            "version": "1.9.1",
            "resolved": "https://registry.npmjs.org/@remusao/smaz-decompress/-/smaz-decompress-1.9.1.tgz",
            "integrity": "sha512-TfjKKprYe3n47od8auhvJ/Ikj9kQTbDTe71ynKlxslrvvUhlIV3VQSuwYuMWMbdz1fIs0H/fxCN1Z8/H3km6/A=="
        },
        "node_modules/@remusao/trie": {
            "version": "1.4.1",
            "resolved": "https://registry.npmjs.org/@remusao/trie/-/trie-1.4.1.tgz",
            "integrity": "sha512-yvwa+aCyYI/UjeD39BnpMypG8N06l86wIDW1/PAc6ihBRnodIfZDwccxQN3n1t74wduzaz74m4ZMHZnB06567Q=="
        },
        "node_modules/@types/chrome": {
            "version": "0.0.228",
            "resolved": "https://registry.npmjs.org/@types/chrome/-/chrome-0.0.228.tgz",
            "integrity": "sha512-rDmyVEF+l9H+6FQYqsEGqQOjBw/uaSx6KJ6o47FwbQmPPcskmt8XlPbKjy5KeQXU3ZLiV2x45Fk4kdtRMSghfQ==",
            "dependencies": {
                "@types/filesystem": "*",
                "@types/har-format": "*"
            }
        },
        "node_modules/@types/filesystem": {
            "version": "0.0.32",
            "resolved": "https://registry.npmjs.org/@types/filesystem/-/filesystem-0.0.32.tgz",
            "integrity": "sha512-Yuf4jR5YYMR2DVgwuCiP11s0xuVRyPKmz8vo6HBY3CGdeMj8af93CFZX+T82+VD1+UqHOxTq31lO7MI7lepBtQ==",
            "dependencies": {
                "@types/filewriter": "*"
            }
        },
        "node_modules/@types/filewriter": {
            "version": "0.0.29",
            "resolved": "https://registry.npmjs.org/@types/filewriter/-/filewriter-0.0.29.tgz",
            "integrity": "sha512-BsPXH/irW0ht0Ji6iw/jJaK8Lj3FJemon2gvEqHKpCdDCeemHa+rI3WBGq5z7cDMZgoLjY40oninGxqk+8NzNQ=="
        },
        "node_modules/@types/firefox-webext-browser": {
            "version": "111.0.1",
            "resolved": "https://registry.npmjs.org/@types/firefox-webext-browser/-/firefox-webext-browser-111.0.1.tgz",
            "integrity": "sha512-mmHWdQTCT68X0hh0URrsIyWhJeFzZHaiprj6nni/CmsAmqYq27T0eZyu1ePeKJ/zuDD3wqtTzm5TwRFAso+oPw=="
        },
        "node_modules/@types/har-format": {
            "version": "1.2.11",
            "resolved": "https://registry.npmjs.org/@types/har-format/-/har-format-1.2.11.tgz",
            "integrity": "sha512-T232/TneofqK30AD1LRrrf8KnjLvzrjWDp7eWST5KoiSzrBfRsLrWDPk4STQPW4NZG6v2MltnduBVmakbZOBIQ=="
        },
        "node_modules/tldts-core": {
            "version": "6.0.12",
            "resolved": "https://registry.npmjs.org/tldts-core/-/tldts-core-6.0.12.tgz",
            "integrity": "sha512-TYHGh0SJ+MUE0tg5LeDyNMmilUU8VD7fi+o74RGl3xwnakzCjpTFVTn8DHWiDJQmfG768ldqRPSQrvTP6CPjpg=="
        },
        "node_modules/tldts-experimental": {
            "version": "6.0.12",
            "resolved": "https://registry.npmjs.org/tldts-experimental/-/tldts-experimental-6.0.12.tgz",
            "integrity": "sha512-ocPS6tUT2loypq6BjIXsilz1zwntiC+5/+Yx/KP2dFQsOn93kVRRKvK1R6/nTO05/v10F5sfzaeWAE48qH2JTA==",
            "dependencies": {
                "tldts-core": "^6.0.12"
            }
        },
        "node_modules/webextension-polyfill": {
            "version": "0.8.0",
            "resolved": "https://registry.npmjs.org/webextension-polyfill/-/webextension-polyfill-0.8.0.tgz",
            "integrity": "sha512-a19+DzlT6Kp9/UI+mF9XQopeZ+n2ussjhxHJ4/pmIGge9ijCDz7Gn93mNnjpZAk95T4Tae8iHZ6sSf869txqiQ=="
        },
        "node_modules/webextension-polyfill-ts": {
            "version": "0.26.0",
            "resolved": "https://registry.npmjs.org/webextension-polyfill-ts/-/webextension-polyfill-ts-0.26.0.tgz",
            "integrity": "sha512-XEFL+aYVEsm/d4RajVwP75g56c/w2aSHnPwgtUv8/nCzbLNSzRQIix6aj1xqFkA5yr7OIDkk3OD/QTnPp8ThYA==",
            "deprecated": "This project has moved to @types/webextension-polyfill",
            "dependencies": {
                "webextension-polyfill": "^0.8.0"
            }
        }
    },
    "dependencies": {
        "@cliqz/adblocker": {
            "version": "1.26.6",
            "resolved": "https://registry.npmjs.org/@cliqz/adblocker/-/adblocker-1.26.6.tgz",
            "integrity": "sha512-fSNCvyl0FRgKcc2NmHEhaQqeTT0QCLBT3eVZ15ah6baPdCaQm7N5IN/annv9bRalS8Lwbxymb3TBLzXpFTghrw==",
            "requires": {
                "@cliqz/adblocker-content": "^1.26.6",
                "@cliqz/adblocker-extended-selectors": "^1.26.6",
                "@remusao/guess-url-type": "^1.1.2",
                "@remusao/small": "^1.1.2",
                "@remusao/smaz": "^1.7.1",
                "@types/chrome": "^0.0.228",
                "@types/firefox-webext-browser": "^111.0.0",
                "tldts-experimental": "^6.0.1"
            }
        },
        "@cliqz/adblocker-content": {
            "version": "1.26.6",
            "resolved": "https://registry.npmjs.org/@cliqz/adblocker-content/-/adblocker-content-1.26.6.tgz",
            "integrity": "sha512-cebc5AjL/quVVdcClJ7dqqvW5SrqATfUhwqn5MzWtponZ3t3fRpgpFgkt2fNa5rd3iz1UfTcAtWrgpshHYurTA==",
            "requires": {
                "@cliqz/adblocker-extended-selectors": "^1.26.6"
            }
        },
        "@cliqz/adblocker-extended-selectors": {
            "version": "1.26.6",
            "resolved": "https://registry.npmjs.org/@cliqz/adblocker-extended-selectors/-/adblocker-extended-selectors-1.26.6.tgz",
            "integrity": "sha512-Gpvg6eLO2aHiY7r2y0jueve6YbGkYvWaZ4MiwhQ1wPTwj/MxFqAh9cVHnz3EzoJUtsqoy9bvkhmfkRUatpvvzw=="
        },
        "@cliqz/adblocker-webextension": {
            "version": "1.26.6",
            "resolved": "https://registry.npmjs.org/@cliqz/adblocker-webextension/-/adblocker-webextension-1.26.6.tgz",
            "integrity": "sha512-Do9QzUUujbOkQJZ5DQTKd2T7+PBmsxDHakGvbLqxNvDXC3mI+L5K3se75oPWm47dBMbSPOyNacXV28sORcuUag==",
            "requires": {
                "@cliqz/adblocker": "^1.26.6",
                "@cliqz/adblocker-content": "^1.26.6",
                "tldts-experimental": "^6.0.1",
                "webextension-polyfill-ts": "^0.26.0"
            }
        },
        "@remusao/guess-url-type": {
            "version": "1.2.1",
            "resolved": "https://registry.npmjs.org/@remusao/guess-url-type/-/guess-url-type-1.2.1.tgz",
            "integrity": "sha512-rbOqre2jW8STjheOsOaQHLgYBaBZ9Owbdt8NO7WvNZftJlaG3y/K9oOkl8ZUpuFBisIhmBuMEW6c+YrQl5inRA=="
        },
        "@remusao/small": {
            "version": "1.2.1",
            "resolved": "https://registry.npmjs.org/@remusao/small/-/small-1.2.1.tgz",
            "integrity": "sha512-7MjoGt0TJMVw1GPKgWq6SJPws1SLsUXQRa43Umht+nkyw2jnpy3WpiLNqGdwo5rHr5Wp9B2W/Pm5RQp656UJdw=="
        },
        "@remusao/smaz": {
            "version": "1.9.1",
            "resolved": "https://registry.npmjs.org/@remusao/smaz/-/smaz-1.9.1.tgz",
            "integrity": "sha512-e6BLuP8oaXCZ9+v46Is4ilAZ/Vq6YLgmBP204Ixgk1qTjXmqvFYG7+AS7v9nsZdGOy96r9DWGFbbDVgMxwu1rA==",
            "requires": {
                "@remusao/smaz-compress": "^1.9.1",
                "@remusao/smaz-decompress": "^1.9.1"
            }
        },
        "@remusao/smaz-compress": {
            "version": "1.9.1",
            "resolved": "https://registry.npmjs.org/@remusao/smaz-compress/-/smaz-compress-1.9.1.tgz",
            "integrity": "sha512-E2f48TwloQu3r6BdLOGF2aczeH7bJ/32oJGqvzT9SKur0cuUnLcZ7ZXP874E2fwmdE+cXzfC7bKzp79cDnmeyw==",
            "requires": {
                "@remusao/trie": "^1.4.1"
            }
        },
        "@remusao/smaz-decompress": {
            "version": "1.9.1",
            "resolved": "https://registry.npmjs.org/@remusao/smaz-decompress/-/smaz-decompress-1.9.1.tgz",
            "integrity": "sha512-TfjKKprYe3n47od8auhvJ/Ikj9kQTbDTe71ynKlxslrvvUhlIV3VQSuwYuMWMbdz1fIs0H/fxCN1Z8/H3km6/A=="
        },
        "@remusao/trie": {
            "version": "1.4.1",
            "resolved": "https://registry.npmjs.org/@remusao/trie/-/trie-1.4.1.tgz",
            "integrity": "sha512-yvwa+aCyYI/UjeD39BnpMypG8N06l86wIDW1/PAc6ihBRnodIfZDwccxQN3n1t74wduzaz74m4ZMHZnB06567Q=="
        },
        "@types/chrome": {
            "version": "0.0.228",
            "resolved": "https://registry.npmjs.org/@types/chrome/-/chrome-0.0.228.tgz",
            "integrity": "sha512-rDmyVEF+l9H+6FQYqsEGqQOjBw/uaSx6KJ6o47FwbQmPPcskmt8XlPbKjy5KeQXU3ZLiV2x45Fk4kdtRMSghfQ==",
            "requires": {
                "@types/filesystem": "*",
                "@types/har-format": "*"
            }
        },
        "@types/filesystem": {
            "version": "0.0.32",
            "resolved": "https://registry.npmjs.org/@types/filesystem/-/filesystem-0.0.32.tgz",
            "integrity": "sha512-Yuf4jR5YYMR2DVgwuCiP11s0xuVRyPKmz8vo6HBY3CGdeMj8af93CFZX+T82+VD1+UqHOxTq31lO7MI7lepBtQ==",
            "requires": {
                "@types/filewriter": "*"
            }
        },
        "@types/filewriter": {
            "version": "0.0.29",
            "resolved": "https://registry.npmjs.org/@types/filewriter/-/filewriter-0.0.29.tgz",
            "integrity": "sha512-BsPXH/irW0ht0Ji6iw/jJaK8Lj3FJemon2gvEqHKpCdDCeemHa+rI3WBGq5z7cDMZgoLjY40oninGxqk+8NzNQ=="
        },
        "@types/firefox-webext-browser": {
            "version": "111.0.1",
            "resolved": "https://registry.npmjs.org/@types/firefox-webext-browser/-/firefox-webext-browser-111.0.1.tgz",
            "integrity": "sha512-mmHWdQTCT68X0hh0URrsIyWhJeFzZHaiprj6nni/CmsAmqYq27T0eZyu1ePeKJ/zuDD3wqtTzm5TwRFAso+oPw=="
        },
        "@types/har-format": {
            "version": "1.2.11",
            "resolved": "https://registry.npmjs.org/@types/har-format/-/har-format-1.2.11.tgz",
            "integrity": "sha512-T232/TneofqK30AD1LRrrf8KnjLvzrjWDp7eWST5KoiSzrBfRsLrWDPk4STQPW4NZG6v2MltnduBVmakbZOBIQ=="
        },
        "tldts-core": {
            "version": "6.0.12",
            "resolved": "https://registry.npmjs.org/tldts-core/-/tldts-core-6.0.12.tgz",
            "integrity": "sha512-TYHGh0SJ+MUE0tg5LeDyNMmilUU8VD7fi+o74RGl3xwnakzCjpTFVTn8DHWiDJQmfG768ldqRPSQrvTP6CPjpg=="
        },
        "tldts-experimental": {
            "version": "6.0.12",
            "resolved": "https://registry.npmjs.org/tldts-experimental/-/tldts-experimental-6.0.12.tgz",
            "integrity": "sha512-ocPS6tUT2loypq6BjIXsilz1zwntiC+5/+Yx/KP2dFQsOn93kVRRKvK1R6/nTO05/v10F5sfzaeWAE48qH2JTA==",
            "requires": {
                "tldts-core": "^6.0.12"
            }
        },
        "webextension-polyfill": {
            "version": "0.8.0",
            "resolved": "https://registry.npmjs.org/webextension-polyfill/-/webextension-polyfill-0.8.0.tgz",
            "integrity": "sha512-a19+DzlT6Kp9/UI+mF9XQopeZ+n2ussjhxHJ4/pmIGge9ijCDz7Gn93mNnjpZAk95T4Tae8iHZ6sSf869txqiQ=="
        },
        "webextension-polyfill-ts": {
            "version": "0.26.0",
            "resolved": "https://registry.npmjs.org/webextension-polyfill-ts/-/webextension-polyfill-ts-0.26.0.tgz",
            "integrity": "sha512-XEFL+aYVEsm/d4RajVwP75g56c/w2aSHnPwgtUv8/nCzbLNSzRQIix6aj1xqFkA5yr7OIDkk3OD/QTnPp8ThYA==",
            "requires": {
                "webextension-polyfill": "^0.8.0"
            }
        }
    }
}
